
Microsoft Visual Studio Solution File, Format Version 12.00
# Visual Studio 2013
VisualStudioVersion = 12.0.31101.0
MinimumVisualStudioVersion = 10.0.40219.1
Project("{FAE04EC0-301F-11D3-BF4B-00C04F79EFBC}") = "Fifthweek.Api", "Fifthweek.Api\Fifthweek.Api.csproj", "{F90DC407-DC1E-4EF6-BBEC-B5598810660A}"
EndProject
Project("{FAE04EC0-301F-11D3-BF4B-00C04F79EFBC}") = "Fifthweek.Api.Tests", "Fifthweek.Api.Tests\Fifthweek.Api.Tests.csproj", "{4B4C008B-48CE-43F3-AB20-8A148500DA4B}"
EndProject
Project("{2150E333-8FDC-42A3-9474-1A3956D46DE8}") = "Solution Items", "Solution Items", "{707B8A39-8E28-4ECD-8CC3-BA34225675C8}"
	ProjectSection(SolutionItems) = preProject
		.deployment = .deployment
		deploy.cmd = deploy.cmd
		runtests.cmd = runtests.cmd
	EndProjectSection
EndProject
Project("{FAE04EC0-301F-11D3-BF4B-00C04F79EFBC}") = "Fifthweek.Api.Logging", "Fifthweek.Api.Logging\Fifthweek.Api.Logging.csproj", "{22D85C74-3001-4930-95D7-8F2526452DD6}"
EndProject
Project("{FAE04EC0-301F-11D3-BF4B-00C04F79EFBC}") = "Fifthweek.Api.SendGrid", "Fifthweek.Api.SendGrid\Fifthweek.Api.SendGrid.csproj", "{5F5DF240-536A-41B6-BFEC-4F89940EB053}"
EndProject
Project("{FAE04EC0-301F-11D3-BF4B-00C04F79EFBC}") = "Fifthweek.Api.Identity", "Fifthweek.Api.Identity\Fifthweek.Api.Identity.csproj", "{6A2AF270-E4D4-4C4E-A88F-807F7B9A03B7}"
EndProject
Project("{FAE04EC0-301F-11D3-BF4B-00C04F79EFBC}") = "Fifthweek.Api.Core", "Fifthweek.Api.Core\Fifthweek.Api.Core.csproj", "{BD52863E-063D-45A5-9CA8-7541804D1313}"
EndProject
Project("{FAE04EC0-301F-11D3-BF4B-00C04F79EFBC}") = "Fifthweek.Api.Availability", "Fifthweek.Api.Availability\Fifthweek.Api.Availability.csproj", "{F42BEC68-554B-4C11-8533-92BEC56F23A4}"
EndProject
Project("{FAE04EC0-301F-11D3-BF4B-00C04F79EFBC}") = "Fifthweek.Api.Persistence", "Fifthweek.Api.Persistence\Fifthweek.Api.Persistence.csproj", "{9C18BEE3-FAB5-4A00-8A94-A1FAEA370175}"
EndProject
Project("{FAE04EC0-301F-11D3-BF4B-00C04F79EFBC}") = "Fifthweek.Api.Availability.Tests", "Fifthweek.Api.Availability.Tests\Fifthweek.Api.Availability.Tests.csproj", "{77A6244A-3203-49DD-AF73-215FB90BC3F9}"
EndProject
Project("{FAE04EC0-301F-11D3-BF4B-00C04F79EFBC}") = "Fifthweek.Api.Core.Tests", "Fifthweek.Api.Core.Tests\Fifthweek.Api.Core.Tests.csproj", "{C301C133-C292-4189-9509-968393633A2F}"
EndProject
Project("{FAE04EC0-301F-11D3-BF4B-00C04F79EFBC}") = "Fifthweek.Api.Identity.Tests", "Fifthweek.Api.Identity.Tests\Fifthweek.Api.Identity.Tests.csproj", "{7FF24EF2-AF32-4E91-95F6-C978FA128245}"
EndProject
Project("{FAE04EC0-301F-11D3-BF4B-00C04F79EFBC}") = "Fifthweek.Api.Logging.Tests", "Fifthweek.Api.Logging.Tests\Fifthweek.Api.Logging.Tests.csproj", "{0046C984-3FD6-471C-BE0C-9CA0688CCCC9}"
EndProject
Project("{FAE04EC0-301F-11D3-BF4B-00C04F79EFBC}") = "Fifthweek.Api.Persistence.Tests", "Fifthweek.Api.Persistence.Tests\Fifthweek.Api.Persistence.Tests.csproj", "{F6DC16BF-9B37-48A9-B5C8-E233C2FBEEEB}"
EndProject
Project("{FAE04EC0-301F-11D3-BF4B-00C04F79EFBC}") = "Fifthweek.Api.SendGrid.Tests", "Fifthweek.Api.SendGrid.Tests\Fifthweek.Api.SendGrid.Tests.csproj", "{F91E5854-C180-4F6D-9AA5-D657C202F1AE}"
EndProject
Project("{FAE04EC0-301F-11D3-BF4B-00C04F79EFBC}") = "Fifthweek.Api.Subscriptions", "Fifthweek.Api.Subscriptions\Fifthweek.Api.Subscriptions.csproj", "{5DB142B7-3152-447E-8816-33A90BA9EF76}"
EndProject
Project("{FAE04EC0-301F-11D3-BF4B-00C04F79EFBC}") = "Fifthweek.Api.Subscriptions.Tests", "Fifthweek.Api.Subscriptions.Tests\Fifthweek.Api.Subscriptions.Tests.csproj", "{F11F6CD5-E9FF-4324-9EF9-0ED9CE26C8BE}"
EndProject
Project("{FAE04EC0-301F-11D3-BF4B-00C04F79EFBC}") = "Fifthweek.Api.FileManagement", "Fifthweek.Api.FileManagement\Fifthweek.Api.FileManagement.csproj", "{3242E7FC-35CE-4E69-B07B-B8DCB3C69348}"
EndProject
Project("{FAE04EC0-301F-11D3-BF4B-00C04F79EFBC}") = "Fifthweek.Api.FileManagement.Tests", "Fifthweek.Api.FileManagement.Tests\Fifthweek.Api.FileManagement.Tests.csproj", "{6449285D-CBBE-4186-B840-D757A63389DA}"
EndProject
Project("{2150E333-8FDC-42A3-9474-1A3956D46DE8}") = "T4Includes", "T4Includes", "{FA1F4272-E9E3-4B73-B7DB-1048C5CA917D}"
	ProjectSection(SolutionItems) = preProject
		T4Includes\AutoBuilder.ttinclude = T4Includes\AutoBuilder.ttinclude
		T4Includes\AutoConstructor.ttinclude = T4Includes\AutoConstructor.ttinclude
		T4Includes\AutoEqualityMembers.ttinclude = T4Includes\AutoEqualityMembers.ttinclude
		T4Includes\AutoParse.ttinclude = T4Includes\AutoParse.ttinclude
		T4Includes\AutoSql.ttinclude = T4Includes\AutoSql.ttinclude
		T4Includes\ClassAugmentation.ttinclude = T4Includes\ClassAugmentation.ttinclude
		T4Includes\VisualStudioHelper.ttinclude = T4Includes\VisualStudioHelper.ttinclude
		T4Includes\VisualStudioHelper2.ttinclude = T4Includes\VisualStudioHelper2.ttinclude
	EndProjectSection
EndProject
Project("{FAE04EC0-301F-11D3-BF4B-00C04F79EFBC}") = "Fifthweek.Api.Azure", "Fifthweek.Api.Azure\Fifthweek.Api.Azure.csproj", "{ABC43617-3AAA-4B7A-B4DC-D10E023F1846}"
EndProject
Project("{FAE04EC0-301F-11D3-BF4B-00C04F79EFBC}") = "Fifthweek.Api.Azure.Tests", "Fifthweek.Api.Azure.Tests\Fifthweek.Api.Azure.Tests.csproj", "{D4E9D942-7537-4F54-95C9-98B45F04B1D1}"
EndProject
Project("{FAE04EC0-301F-11D3-BF4B-00C04F79EFBC}") = "Fifthweek.Api.Persistence.Tests.Shared", "Fifthweek.Api.Persistence.Tests.Shared\Fifthweek.Api.Persistence.Tests.Shared.csproj", "{ECDE2C4E-7DD8-4210-8E09-D5762C88B3CB}"
EndProject
Project("{FAE04EC0-301F-11D3-BF4B-00C04F79EFBC}") = "Fifthweek.Api.Accounts", "Fifthweek.Api.Accounts\Fifthweek.Api.Accounts.csproj", "{8DFF9D76-471F-4D91-9859-3543CF32D5D0}"
EndProject
Project("{FAE04EC0-301F-11D3-BF4B-00C04F79EFBC}") = "Fifthweek.Api.Accounts.Tests", "Fifthweek.Api.Accounts.Tests\Fifthweek.Api.Accounts.Tests.csproj", "{F2E923C5-B18D-41F1-9742-61ED576EF0FC}"
EndProject
Project("{FAE04EC0-301F-11D3-BF4B-00C04F79EFBC}") = "Fifthweek.Webjobs.Thumbnails", "Fifthweek.Webjobs.Thumbnails\Fifthweek.Webjobs.Thumbnails.csproj", "{38210173-9A08-4C53-9D64-D9FDCC44107A}"
EndProject
Project("{FAE04EC0-301F-11D3-BF4B-00C04F79EFBC}") = "Fifthweek.Webjobs.Shared", "Fifthweek.Webjobs.Shared\Fifthweek.Webjobs.Shared.csproj", "{EFBACD48-98A1-4FA3-9BEA-E13414141484}"
EndProject
Project("{FAE04EC0-301F-11D3-BF4B-00C04F79EFBC}") = "Fifthweek.Webjobs.Thumbnails.Tests", "Fifthweek.Webjobs.Thumbnails.Tests\Fifthweek.Webjobs.Thumbnails.Tests.csproj", "{3A45065B-761C-4DE6-AB5F-1B663658C919}"
EndProject
Project("{FAE04EC0-301F-11D3-BF4B-00C04F79EFBC}") = "Fifthweek.Webjobs.Thumbnails.Shared", "Fifthweek.Webjobs.Thumbnails.Shared\Fifthweek.Webjobs.Thumbnails.Shared.csproj", "{36D94253-0A3D-4062-9FB9-635B402C68C6}"
EndProject
Project("{FAE04EC0-301F-11D3-BF4B-00C04F79EFBC}") = "Fifthweek.Webjobs.Files", "Fifthweek.Webjobs.Files\Fifthweek.Webjobs.Files.csproj", "{0927094C-5474-40E7-9458-7C710678507A}"
EndProject
Project("{FAE04EC0-301F-11D3-BF4B-00C04F79EFBC}") = "Fifthweek.Webjobs.Files.Shared", "Fifthweek.Webjobs.Files.Shared\Fifthweek.Webjobs.Files.Shared.csproj", "{227AE1D7-E7A5-44A2-87CC-82EB29033B0D}"
EndProject
Project("{FAE04EC0-301F-11D3-BF4B-00C04F79EFBC}") = "Fifthweek.Shared", "Fifthweek.Shared\Fifthweek.Shared.csproj", "{6D12FFBB-38E9-4722-A690-0F0338538EBC}"
EndProject
Project("{FAE04EC0-301F-11D3-BF4B-00C04F79EFBC}") = "Fifthweek.Shared.Tests", "Fifthweek.Shared.Tests\Fifthweek.Shared.Tests.csproj", "{47D9DF9F-7EBC-4AEC-A2E6-8367B4FAE95D}"
EndProject
Project("{FAE04EC0-301F-11D3-BF4B-00C04F79EFBC}") = "Fifthweek.Webjobs.Files.Tests", "Fifthweek.Webjobs.Files.Tests\Fifthweek.Webjobs.Files.Tests.csproj", "{E06F69AA-2584-4A6C-9640-C8BE33086AD7}"
EndProject
Project("{FAE04EC0-301F-11D3-BF4B-00C04F79EFBC}") = "Fifthweek.CodeGeneration", "Fifthweek.CodeGeneration\Fifthweek.CodeGeneration.csproj", "{770F450E-2166-4269-BEC1-DF59AA16B1E8}"
EndProject
Project("{FAE04EC0-301F-11D3-BF4B-00C04F79EFBC}") = "Fifthweek.CodeGeneration.Tests", "Fifthweek.CodeGeneration.Tests\Fifthweek.CodeGeneration.Tests.csproj", "{78250082-7E31-46FC-9D94-6CFD837545F0}"
EndProject
Project("{FAE04EC0-301F-11D3-BF4B-00C04F79EFBC}") = "Fifthweek.Tests.Shared", "Fifthweek.Tests.Shared\Fifthweek.Tests.Shared.csproj", "{85691D93-9C0C-498B-8341-1990BC8E24B2}"
EndProject
Project("{FAE04EC0-301F-11D3-BF4B-00C04F79EFBC}") = "Fifthweek.Api.Posts.Tests", "Fifthweek.Api.Posts.Tests\Fifthweek.Api.Posts.Tests.csproj", "{3D06725F-9169-474D-9BA7-EC460259760C}"
EndProject
Project("{FAE04EC0-301F-11D3-BF4B-00C04F79EFBC}") = "Fifthweek.Api.Posts", "Fifthweek.Api.Posts\Fifthweek.Api.Posts.csproj", "{154CBDE0-8EEB-44DC-BFA4-769542A24080}"
EndProject
Project("{FAE04EC0-301F-11D3-BF4B-00C04F79EFBC}") = "Fifthweek.Azure", "Fifthweek.Azure\Fifthweek.Azure.csproj", "{890CD4C4-993F-482D-BBB5-A50767ACE55B}"
EndProject
Global
	GlobalSection(SolutionConfigurationPlatforms) = preSolution
		Debug|Any CPU = Debug|Any CPU
		Release|Any CPU = Release|Any CPU
	EndGlobalSection
	GlobalSection(ProjectConfigurationPlatforms) = postSolution
		{F90DC407-DC1E-4EF6-BBEC-B5598810660A}.Debug|Any CPU.ActiveCfg = Debug|Any CPU
		{F90DC407-DC1E-4EF6-BBEC-B5598810660A}.Debug|Any CPU.Build.0 = Debug|Any CPU
		{F90DC407-DC1E-4EF6-BBEC-B5598810660A}.Release|Any CPU.ActiveCfg = Release|Any CPU
		{F90DC407-DC1E-4EF6-BBEC-B5598810660A}.Release|Any CPU.Build.0 = Release|Any CPU
		{4B4C008B-48CE-43F3-AB20-8A148500DA4B}.Debug|Any CPU.ActiveCfg = Debug|Any CPU
		{4B4C008B-48CE-43F3-AB20-8A148500DA4B}.Debug|Any CPU.Build.0 = Debug|Any CPU
		{4B4C008B-48CE-43F3-AB20-8A148500DA4B}.Release|Any CPU.ActiveCfg = Release|Any CPU
		{4B4C008B-48CE-43F3-AB20-8A148500DA4B}.Release|Any CPU.Build.0 = Release|Any CPU
		{22D85C74-3001-4930-95D7-8F2526452DD6}.Debug|Any CPU.ActiveCfg = Debug|Any CPU
		{22D85C74-3001-4930-95D7-8F2526452DD6}.Debug|Any CPU.Build.0 = Debug|Any CPU
		{22D85C74-3001-4930-95D7-8F2526452DD6}.Release|Any CPU.ActiveCfg = Release|Any CPU
		{22D85C74-3001-4930-95D7-8F2526452DD6}.Release|Any CPU.Build.0 = Release|Any CPU
		{5F5DF240-536A-41B6-BFEC-4F89940EB053}.Debug|Any CPU.ActiveCfg = Debug|Any CPU
		{5F5DF240-536A-41B6-BFEC-4F89940EB053}.Debug|Any CPU.Build.0 = Debug|Any CPU
		{5F5DF240-536A-41B6-BFEC-4F89940EB053}.Release|Any CPU.ActiveCfg = Release|Any CPU
		{5F5DF240-536A-41B6-BFEC-4F89940EB053}.Release|Any CPU.Build.0 = Release|Any CPU
		{6A2AF270-E4D4-4C4E-A88F-807F7B9A03B7}.Debug|Any CPU.ActiveCfg = Debug|Any CPU
		{6A2AF270-E4D4-4C4E-A88F-807F7B9A03B7}.Debug|Any CPU.Build.0 = Debug|Any CPU
		{6A2AF270-E4D4-4C4E-A88F-807F7B9A03B7}.Release|Any CPU.ActiveCfg = Release|Any CPU
		{6A2AF270-E4D4-4C4E-A88F-807F7B9A03B7}.Release|Any CPU.Build.0 = Release|Any CPU
		{BD52863E-063D-45A5-9CA8-7541804D1313}.Debug|Any CPU.ActiveCfg = Debug|Any CPU
		{BD52863E-063D-45A5-9CA8-7541804D1313}.Debug|Any CPU.Build.0 = Debug|Any CPU
		{BD52863E-063D-45A5-9CA8-7541804D1313}.Release|Any CPU.ActiveCfg = Release|Any CPU
		{BD52863E-063D-45A5-9CA8-7541804D1313}.Release|Any CPU.Build.0 = Release|Any CPU
		{F42BEC68-554B-4C11-8533-92BEC56F23A4}.Debug|Any CPU.ActiveCfg = Debug|Any CPU
		{F42BEC68-554B-4C11-8533-92BEC56F23A4}.Debug|Any CPU.Build.0 = Debug|Any CPU
		{F42BEC68-554B-4C11-8533-92BEC56F23A4}.Release|Any CPU.ActiveCfg = Release|Any CPU
		{F42BEC68-554B-4C11-8533-92BEC56F23A4}.Release|Any CPU.Build.0 = Release|Any CPU
		{9C18BEE3-FAB5-4A00-8A94-A1FAEA370175}.Debug|Any CPU.ActiveCfg = Debug|Any CPU
		{9C18BEE3-FAB5-4A00-8A94-A1FAEA370175}.Debug|Any CPU.Build.0 = Debug|Any CPU
		{9C18BEE3-FAB5-4A00-8A94-A1FAEA370175}.Release|Any CPU.ActiveCfg = Release|Any CPU
		{9C18BEE3-FAB5-4A00-8A94-A1FAEA370175}.Release|Any CPU.Build.0 = Release|Any CPU
		{77A6244A-3203-49DD-AF73-215FB90BC3F9}.Debug|Any CPU.ActiveCfg = Debug|Any CPU
		{77A6244A-3203-49DD-AF73-215FB90BC3F9}.Debug|Any CPU.Build.0 = Debug|Any CPU
		{77A6244A-3203-49DD-AF73-215FB90BC3F9}.Release|Any CPU.ActiveCfg = Release|Any CPU
		{77A6244A-3203-49DD-AF73-215FB90BC3F9}.Release|Any CPU.Build.0 = Release|Any CPU
		{C301C133-C292-4189-9509-968393633A2F}.Debug|Any CPU.ActiveCfg = Debug|Any CPU
		{C301C133-C292-4189-9509-968393633A2F}.Debug|Any CPU.Build.0 = Debug|Any CPU
		{C301C133-C292-4189-9509-968393633A2F}.Release|Any CPU.ActiveCfg = Release|Any CPU
		{C301C133-C292-4189-9509-968393633A2F}.Release|Any CPU.Build.0 = Release|Any CPU
		{7FF24EF2-AF32-4E91-95F6-C978FA128245}.Debug|Any CPU.ActiveCfg = Debug|Any CPU
		{7FF24EF2-AF32-4E91-95F6-C978FA128245}.Debug|Any CPU.Build.0 = Debug|Any CPU
		{7FF24EF2-AF32-4E91-95F6-C978FA128245}.Release|Any CPU.ActiveCfg = Release|Any CPU
		{7FF24EF2-AF32-4E91-95F6-C978FA128245}.Release|Any CPU.Build.0 = Release|Any CPU
		{0046C984-3FD6-471C-BE0C-9CA0688CCCC9}.Debug|Any CPU.ActiveCfg = Debug|Any CPU
		{0046C984-3FD6-471C-BE0C-9CA0688CCCC9}.Debug|Any CPU.Build.0 = Debug|Any CPU
		{0046C984-3FD6-471C-BE0C-9CA0688CCCC9}.Release|Any CPU.ActiveCfg = Release|Any CPU
		{0046C984-3FD6-471C-BE0C-9CA0688CCCC9}.Release|Any CPU.Build.0 = Release|Any CPU
		{F6DC16BF-9B37-48A9-B5C8-E233C2FBEEEB}.Debug|Any CPU.ActiveCfg = Debug|Any CPU
		{F6DC16BF-9B37-48A9-B5C8-E233C2FBEEEB}.Debug|Any CPU.Build.0 = Debug|Any CPU
		{F6DC16BF-9B37-48A9-B5C8-E233C2FBEEEB}.Release|Any CPU.ActiveCfg = Release|Any CPU
		{F6DC16BF-9B37-48A9-B5C8-E233C2FBEEEB}.Release|Any CPU.Build.0 = Release|Any CPU
		{F91E5854-C180-4F6D-9AA5-D657C202F1AE}.Debug|Any CPU.ActiveCfg = Debug|Any CPU
		{F91E5854-C180-4F6D-9AA5-D657C202F1AE}.Debug|Any CPU.Build.0 = Debug|Any CPU
		{F91E5854-C180-4F6D-9AA5-D657C202F1AE}.Release|Any CPU.ActiveCfg = Release|Any CPU
		{F91E5854-C180-4F6D-9AA5-D657C202F1AE}.Release|Any CPU.Build.0 = Release|Any CPU
		{5DB142B7-3152-447E-8816-33A90BA9EF76}.Debug|Any CPU.ActiveCfg = Debug|Any CPU
		{5DB142B7-3152-447E-8816-33A90BA9EF76}.Debug|Any CPU.Build.0 = Debug|Any CPU
		{5DB142B7-3152-447E-8816-33A90BA9EF76}.Release|Any CPU.ActiveCfg = Release|Any CPU
		{5DB142B7-3152-447E-8816-33A90BA9EF76}.Release|Any CPU.Build.0 = Release|Any CPU
		{F11F6CD5-E9FF-4324-9EF9-0ED9CE26C8BE}.Debug|Any CPU.ActiveCfg = Debug|Any CPU
		{F11F6CD5-E9FF-4324-9EF9-0ED9CE26C8BE}.Debug|Any CPU.Build.0 = Debug|Any CPU
		{F11F6CD5-E9FF-4324-9EF9-0ED9CE26C8BE}.Release|Any CPU.ActiveCfg = Release|Any CPU
		{F11F6CD5-E9FF-4324-9EF9-0ED9CE26C8BE}.Release|Any CPU.Build.0 = Release|Any CPU
		{3242E7FC-35CE-4E69-B07B-B8DCB3C69348}.Debug|Any CPU.ActiveCfg = Debug|Any CPU
		{3242E7FC-35CE-4E69-B07B-B8DCB3C69348}.Debug|Any CPU.Build.0 = Debug|Any CPU
		{3242E7FC-35CE-4E69-B07B-B8DCB3C69348}.Release|Any CPU.ActiveCfg = Release|Any CPU
		{3242E7FC-35CE-4E69-B07B-B8DCB3C69348}.Release|Any CPU.Build.0 = Release|Any CPU
		{6449285D-CBBE-4186-B840-D757A63389DA}.Debug|Any CPU.ActiveCfg = Debug|Any CPU
		{6449285D-CBBE-4186-B840-D757A63389DA}.Debug|Any CPU.Build.0 = Debug|Any CPU
		{6449285D-CBBE-4186-B840-D757A63389DA}.Release|Any CPU.ActiveCfg = Release|Any CPU
		{6449285D-CBBE-4186-B840-D757A63389DA}.Release|Any CPU.Build.0 = Release|Any CPU
		{ABC43617-3AAA-4B7A-B4DC-D10E023F1846}.Debug|Any CPU.ActiveCfg = Debug|Any CPU
		{ABC43617-3AAA-4B7A-B4DC-D10E023F1846}.Debug|Any CPU.Build.0 = Debug|Any CPU
		{ABC43617-3AAA-4B7A-B4DC-D10E023F1846}.Release|Any CPU.ActiveCfg = Release|Any CPU
		{ABC43617-3AAA-4B7A-B4DC-D10E023F1846}.Release|Any CPU.Build.0 = Release|Any CPU
		{D4E9D942-7537-4F54-95C9-98B45F04B1D1}.Debug|Any CPU.ActiveCfg = Debug|Any CPU
		{D4E9D942-7537-4F54-95C9-98B45F04B1D1}.Debug|Any CPU.Build.0 = Debug|Any CPU
		{D4E9D942-7537-4F54-95C9-98B45F04B1D1}.Release|Any CPU.ActiveCfg = Release|Any CPU
		{D4E9D942-7537-4F54-95C9-98B45F04B1D1}.Release|Any CPU.Build.0 = Release|Any CPU
		{ECDE2C4E-7DD8-4210-8E09-D5762C88B3CB}.Debug|Any CPU.ActiveCfg = Debug|Any CPU
		{ECDE2C4E-7DD8-4210-8E09-D5762C88B3CB}.Debug|Any CPU.Build.0 = Debug|Any CPU
		{ECDE2C4E-7DD8-4210-8E09-D5762C88B3CB}.Release|Any CPU.ActiveCfg = Release|Any CPU
		{ECDE2C4E-7DD8-4210-8E09-D5762C88B3CB}.Release|Any CPU.Build.0 = Release|Any CPU
		{8DFF9D76-471F-4D91-9859-3543CF32D5D0}.Debug|Any CPU.ActiveCfg = Debug|Any CPU
		{8DFF9D76-471F-4D91-9859-3543CF32D5D0}.Debug|Any CPU.Build.0 = Debug|Any CPU
		{8DFF9D76-471F-4D91-9859-3543CF32D5D0}.Release|Any CPU.ActiveCfg = Release|Any CPU
		{8DFF9D76-471F-4D91-9859-3543CF32D5D0}.Release|Any CPU.Build.0 = Release|Any CPU
		{F2E923C5-B18D-41F1-9742-61ED576EF0FC}.Debug|Any CPU.ActiveCfg = Debug|Any CPU
		{F2E923C5-B18D-41F1-9742-61ED576EF0FC}.Debug|Any CPU.Build.0 = Debug|Any CPU
		{F2E923C5-B18D-41F1-9742-61ED576EF0FC}.Release|Any CPU.ActiveCfg = Release|Any CPU
		{F2E923C5-B18D-41F1-9742-61ED576EF0FC}.Release|Any CPU.Build.0 = Release|Any CPU
		{38210173-9A08-4C53-9D64-D9FDCC44107A}.Debug|Any CPU.ActiveCfg = Debug|Any CPU
		{38210173-9A08-4C53-9D64-D9FDCC44107A}.Debug|Any CPU.Build.0 = Debug|Any CPU
		{38210173-9A08-4C53-9D64-D9FDCC44107A}.Release|Any CPU.ActiveCfg = Release|Any CPU
		{38210173-9A08-4C53-9D64-D9FDCC44107A}.Release|Any CPU.Build.0 = Release|Any CPU
		{EFBACD48-98A1-4FA3-9BEA-E13414141484}.Debug|Any CPU.ActiveCfg = Debug|Any CPU
		{EFBACD48-98A1-4FA3-9BEA-E13414141484}.Debug|Any CPU.Build.0 = Debug|Any CPU
		{EFBACD48-98A1-4FA3-9BEA-E13414141484}.Release|Any CPU.ActiveCfg = Release|Any CPU
		{EFBACD48-98A1-4FA3-9BEA-E13414141484}.Release|Any CPU.Build.0 = Release|Any CPU
		{3A45065B-761C-4DE6-AB5F-1B663658C919}.Debug|Any CPU.ActiveCfg = Debug|Any CPU
		{3A45065B-761C-4DE6-AB5F-1B663658C919}.Debug|Any CPU.Build.0 = Debug|Any CPU
		{3A45065B-761C-4DE6-AB5F-1B663658C919}.Release|Any CPU.ActiveCfg = Release|Any CPU
		{3A45065B-761C-4DE6-AB5F-1B663658C919}.Release|Any CPU.Build.0 = Release|Any CPU
		{36D94253-0A3D-4062-9FB9-635B402C68C6}.Debug|Any CPU.ActiveCfg = Debug|Any CPU
		{36D94253-0A3D-4062-9FB9-635B402C68C6}.Debug|Any CPU.Build.0 = Debug|Any CPU
		{36D94253-0A3D-4062-9FB9-635B402C68C6}.Release|Any CPU.ActiveCfg = Release|Any CPU
		{36D94253-0A3D-4062-9FB9-635B402C68C6}.Release|Any CPU.Build.0 = Release|Any CPU
		{0927094C-5474-40E7-9458-7C710678507A}.Debug|Any CPU.ActiveCfg = Debug|Any CPU
		{0927094C-5474-40E7-9458-7C710678507A}.Debug|Any CPU.Build.0 = Debug|Any CPU
		{0927094C-5474-40E7-9458-7C710678507A}.Release|Any CPU.ActiveCfg = Release|Any CPU
		{0927094C-5474-40E7-9458-7C710678507A}.Release|Any CPU.Build.0 = Release|Any CPU
		{227AE1D7-E7A5-44A2-87CC-82EB29033B0D}.Debug|Any CPU.ActiveCfg = Debug|Any CPU
		{227AE1D7-E7A5-44A2-87CC-82EB29033B0D}.Debug|Any CPU.Build.0 = Debug|Any CPU
		{227AE1D7-E7A5-44A2-87CC-82EB29033B0D}.Release|Any CPU.ActiveCfg = Release|Any CPU
		{227AE1D7-E7A5-44A2-87CC-82EB29033B0D}.Release|Any CPU.Build.0 = Release|Any CPU
		{6D12FFBB-38E9-4722-A690-0F0338538EBC}.Debug|Any CPU.ActiveCfg = Debug|Any CPU
		{6D12FFBB-38E9-4722-A690-0F0338538EBC}.Debug|Any CPU.Build.0 = Debug|Any CPU
		{6D12FFBB-38E9-4722-A690-0F0338538EBC}.Release|Any CPU.ActiveCfg = Release|Any CPU
		{6D12FFBB-38E9-4722-A690-0F0338538EBC}.Release|Any CPU.Build.0 = Release|Any CPU
		{47D9DF9F-7EBC-4AEC-A2E6-8367B4FAE95D}.Debug|Any CPU.ActiveCfg = Debug|Any CPU
		{47D9DF9F-7EBC-4AEC-A2E6-8367B4FAE95D}.Debug|Any CPU.Build.0 = Debug|Any CPU
		{47D9DF9F-7EBC-4AEC-A2E6-8367B4FAE95D}.Release|Any CPU.ActiveCfg = Release|Any CPU
		{47D9DF9F-7EBC-4AEC-A2E6-8367B4FAE95D}.Release|Any CPU.Build.0 = Release|Any CPU
		{E06F69AA-2584-4A6C-9640-C8BE33086AD7}.Debug|Any CPU.ActiveCfg = Debug|Any CPU
		{E06F69AA-2584-4A6C-9640-C8BE33086AD7}.Debug|Any CPU.Build.0 = Debug|Any CPU
		{E06F69AA-2584-4A6C-9640-C8BE33086AD7}.Release|Any CPU.ActiveCfg = Release|Any CPU
		{E06F69AA-2584-4A6C-9640-C8BE33086AD7}.Release|Any CPU.Build.0 = Release|Any CPU
		{770F450E-2166-4269-BEC1-DF59AA16B1E8}.Debug|Any CPU.ActiveCfg = Debug|Any CPU
		{770F450E-2166-4269-BEC1-DF59AA16B1E8}.Debug|Any CPU.Build.0 = Debug|Any CPU
		{770F450E-2166-4269-BEC1-DF59AA16B1E8}.Release|Any CPU.ActiveCfg = Release|Any CPU
		{770F450E-2166-4269-BEC1-DF59AA16B1E8}.Release|Any CPU.Build.0 = Release|Any CPU
		{78250082-7E31-46FC-9D94-6CFD837545F0}.Debug|Any CPU.ActiveCfg = Debug|Any CPU
		{78250082-7E31-46FC-9D94-6CFD837545F0}.Debug|Any CPU.Build.0 = Debug|Any CPU
		{78250082-7E31-46FC-9D94-6CFD837545F0}.Release|Any CPU.ActiveCfg = Release|Any CPU
		{78250082-7E31-46FC-9D94-6CFD837545F0}.Release|Any CPU.Build.0 = Release|Any CPU
		{85691D93-9C0C-498B-8341-1990BC8E24B2}.Debug|Any CPU.ActiveCfg = Debug|Any CPU
		{85691D93-9C0C-498B-8341-1990BC8E24B2}.Debug|Any CPU.Build.0 = Debug|Any CPU
		{85691D93-9C0C-498B-8341-1990BC8E24B2}.Release|Any CPU.ActiveCfg = Release|Any CPU
		{85691D93-9C0C-498B-8341-1990BC8E24B2}.Release|Any CPU.Build.0 = Release|Any CPU
		{3D06725F-9169-474D-9BA7-EC460259760C}.Debug|Any CPU.ActiveCfg = Debug|Any CPU
		{3D06725F-9169-474D-9BA7-EC460259760C}.Debug|Any CPU.Build.0 = Debug|Any CPU
		{3D06725F-9169-474D-9BA7-EC460259760C}.Release|Any CPU.ActiveCfg = Release|Any CPU
		{3D06725F-9169-474D-9BA7-EC460259760C}.Release|Any CPU.Build.0 = Release|Any CPU
		{154CBDE0-8EEB-44DC-BFA4-769542A24080}.Debug|Any CPU.ActiveCfg = Debug|Any CPU
		{154CBDE0-8EEB-44DC-BFA4-769542A24080}.Debug|Any CPU.Build.0 = Debug|Any CPU
		{154CBDE0-8EEB-44DC-BFA4-769542A24080}.Release|Any CPU.ActiveCfg = Release|Any CPU
		{154CBDE0-8EEB-44DC-BFA4-769542A24080}.Release|Any CPU.Build.0 = Release|Any CPU
		{890CD4C4-993F-482D-BBB5-A50767ACE55B}.Debug|Any CPU.ActiveCfg = Debug|Any CPU
		{890CD4C4-993F-482D-BBB5-A50767ACE55B}.Debug|Any CPU.Build.0 = Debug|Any CPU
		{890CD4C4-993F-482D-BBB5-A50767ACE55B}.Release|Any CPU.ActiveCfg = Release|Any CPU
		{890CD4C4-993F-482D-BBB5-A50767ACE55B}.Release|Any CPU.Build.0 = Release|Any CPU
	EndGlobalSection
	GlobalSection(SolutionProperties) = preSolution
		HideSolutionNode = FALSE
	EndGlobalSection
	GlobalSection(NestedProjects) = preSolution
		{FA1F4272-E9E3-4B73-B7DB-1048C5CA917D} = {707B8A39-8E28-4ECD-8CC3-BA34225675C8}
	EndGlobalSection
EndGlobal
