
Microsoft Visual Studio Solution File, Format Version 12.00
# Visual Studio 2013
VisualStudioVersion = 12.0.31101.0
MinimumVisualStudioVersion = 10.0.40219.1
Project("{FAE04EC0-301F-11D3-BF4B-00C04F79EFBC}") = "Fifthweek.Api", "Fifthweek.Api\Fifthweek.Api.csproj", "{F90DC407-DC1E-4EF6-BBEC-B5598810660A}"
EndProject
Project("{FAE04EC0-301F-11D3-BF4B-00C04F79EFBC}") = "Fifthweek.Api.Tests", "Fifthweek.Api.Tests\Fifthweek.Api.Tests.csproj", "{4B4C008B-48CE-43F3-AB20-8A148500DA4B}"
EndProject
Project("{2150E333-8FDC-42A3-9474-1A3956D46DE8}") = "Solution Items", "Solution Items", "{707B8A39-8E28-4ECD-8CC3-BA34225675C8}"
	ProjectSection(SolutionItems) = preProject
		appveyor.yml = appveyor.yml
		deployToGitHub.cmd = deployToGitHub.cmd
		README.md = README.md
	EndProjectSection
EndProject
Project("{FAE04EC0-301F-11D3-BF4B-00C04F79EFBC}") = "Fifthweek.Api.Logging", "Fifthweek.Api.Logging\Fifthweek.Api.Logging.csproj", "{22D85C74-3001-4930-95D7-8F2526452DD6}"
EndProject
Project("{FAE04EC0-301F-11D3-BF4B-00C04F79EFBC}") = "Fifthweek.Api.SendGrid", "Fifthweek.Api.SendGrid\Fifthweek.Api.SendGrid.csproj", "{5F5DF240-536A-41B6-BFEC-4F89940EB053}"
EndProject
Project("{FAE04EC0-301F-11D3-BF4B-00C04F79EFBC}") = "Fifthweek.Api.Identity", "Fifthweek.Api.Identity\Fifthweek.Api.Identity.csproj", "{6A2AF270-E4D4-4C4E-A88F-807F7B9A03B7}"
EndProject
Project("{FAE04EC0-301F-11D3-BF4B-00C04F79EFBC}") = "Fifthweek.Api.Core", "Fifthweek.Api.Core\Fifthweek.Api.Core.csproj", "{BD52863E-063D-45A5-9CA8-7541804D1313}"
EndProject
Project("{FAE04EC0-301F-11D3-BF4B-00C04F79EFBC}") = "Fifthweek.Api.Availability", "Fifthweek.Api.Availability\Fifthweek.Api.Availability.csproj", "{F42BEC68-554B-4C11-8533-92BEC56F23A4}"
EndProject
Project("{FAE04EC0-301F-11D3-BF4B-00C04F79EFBC}") = "Fifthweek.Api.Persistence", "Fifthweek.Api.Persistence\Fifthweek.Api.Persistence.csproj", "{9C18BEE3-FAB5-4A00-8A94-A1FAEA370175}"
EndProject
Project("{FAE04EC0-301F-11D3-BF4B-00C04F79EFBC}") = "Fifthweek.Api.Availability.Tests", "Fifthweek.Api.Availability.Tests\Fifthweek.Api.Availability.Tests.csproj", "{77A6244A-3203-49DD-AF73-215FB90BC3F9}"
EndProject
Project("{FAE04EC0-301F-11D3-BF4B-00C04F79EFBC}") = "Fifthweek.Api.Core.Tests", "Fifthweek.Api.Core.Tests\Fifthweek.Api.Core.Tests.csproj", "{C301C133-C292-4189-9509-968393633A2F}"
EndProject
Project("{FAE04EC0-301F-11D3-BF4B-00C04F79EFBC}") = "Fifthweek.Api.Identity.Tests", "Fifthweek.Api.Identity.Tests\Fifthweek.Api.Identity.Tests.csproj", "{7FF24EF2-AF32-4E91-95F6-C978FA128245}"
EndProject
Project("{FAE04EC0-301F-11D3-BF4B-00C04F79EFBC}") = "Fifthweek.Api.Logging.Tests", "Fifthweek.Api.Logging.Tests\Fifthweek.Api.Logging.Tests.csproj", "{0046C984-3FD6-471C-BE0C-9CA0688CCCC9}"
EndProject
Project("{FAE04EC0-301F-11D3-BF4B-00C04F79EFBC}") = "Fifthweek.Api.Persistence.Tests", "Fifthweek.Api.Persistence.Tests\Fifthweek.Api.Persistence.Tests.csproj", "{F6DC16BF-9B37-48A9-B5C8-E233C2FBEEEB}"
EndProject
Project("{FAE04EC0-301F-11D3-BF4B-00C04F79EFBC}") = "Fifthweek.Api.SendGrid.Tests", "Fifthweek.Api.SendGrid.Tests\Fifthweek.Api.SendGrid.Tests.csproj", "{F91E5854-C180-4F6D-9AA5-D657C202F1AE}"
EndProject
Project("{FAE04EC0-301F-11D3-BF4B-00C04F79EFBC}") = "Fifthweek.Api.FileManagement", "Fifthweek.Api.FileManagement\Fifthweek.Api.FileManagement.csproj", "{3242E7FC-35CE-4E69-B07B-B8DCB3C69348}"
EndProject
Project("{FAE04EC0-301F-11D3-BF4B-00C04F79EFBC}") = "Fifthweek.Api.FileManagement.Tests", "Fifthweek.Api.FileManagement.Tests\Fifthweek.Api.FileManagement.Tests.csproj", "{6449285D-CBBE-4186-B840-D757A63389DA}"
EndProject
Project("{2150E333-8FDC-42A3-9474-1A3956D46DE8}") = "T4Includes", "T4Includes", "{FA1F4272-E9E3-4B73-B7DB-1048C5CA917D}"
	ProjectSection(SolutionItems) = preProject
		T4Includes\AutoConstructor.ttinclude = T4Includes\AutoConstructor.ttinclude
		T4Includes\AutoCopy.ttinclude = T4Includes\AutoCopy.ttinclude
		T4Includes\AutoEqualityMembers.ttinclude = T4Includes\AutoEqualityMembers.ttinclude
		T4Includes\AutoParse.ttinclude = T4Includes\AutoParse.ttinclude
		T4Includes\AutoPrimitive.ttinclude = T4Includes\AutoPrimitive.ttinclude
		T4Includes\AutoSql.ttinclude = T4Includes\AutoSql.ttinclude
		T4Includes\ClassAugmentation.ttinclude = T4Includes\ClassAugmentation.ttinclude
		T4Includes\VisualStudioHelper.ttinclude = T4Includes\VisualStudioHelper.ttinclude
		T4Includes\VisualStudioHelper2.ttinclude = T4Includes\VisualStudioHelper2.ttinclude
	EndProjectSection
EndProject
Project("{FAE04EC0-301F-11D3-BF4B-00C04F79EFBC}") = "Fifthweek.Api.Azure", "Fifthweek.Api.Azure\Fifthweek.Api.Azure.csproj", "{ABC43617-3AAA-4B7A-B4DC-D10E023F1846}"
EndProject
Project("{FAE04EC0-301F-11D3-BF4B-00C04F79EFBC}") = "Fifthweek.Api.Azure.Tests", "Fifthweek.Api.Azure.Tests\Fifthweek.Api.Azure.Tests.csproj", "{D4E9D942-7537-4F54-95C9-98B45F04B1D1}"
EndProject
Project("{FAE04EC0-301F-11D3-BF4B-00C04F79EFBC}") = "Fifthweek.Api.Persistence.Tests.Shared", "Fifthweek.Api.Persistence.Tests.Shared\Fifthweek.Api.Persistence.Tests.Shared.csproj", "{ECDE2C4E-7DD8-4210-8E09-D5762C88B3CB}"
EndProject
Project("{FAE04EC0-301F-11D3-BF4B-00C04F79EFBC}") = "Fifthweek.WebJobs.Thumbnails", "Fifthweek.WebJobs.Thumbnails\Fifthweek.WebJobs.Thumbnails.csproj", "{38210173-9A08-4C53-9D64-D9FDCC44107A}"
EndProject
Project("{FAE04EC0-301F-11D3-BF4B-00C04F79EFBC}") = "Fifthweek.WebJobs.Shared", "Fifthweek.WebJobs.Shared\Fifthweek.WebJobs.Shared.csproj", "{EFBACD48-98A1-4FA3-9BEA-E13414141484}"
EndProject
Project("{FAE04EC0-301F-11D3-BF4B-00C04F79EFBC}") = "Fifthweek.WebJobs.Thumbnails.Tests", "Fifthweek.WebJobs.Thumbnails.Tests\Fifthweek.WebJobs.Thumbnails.Tests.csproj", "{3A45065B-761C-4DE6-AB5F-1B663658C919}"
EndProject
Project("{FAE04EC0-301F-11D3-BF4B-00C04F79EFBC}") = "Fifthweek.WebJobs.Thumbnails.Shared", "Fifthweek.WebJobs.Thumbnails.Shared\Fifthweek.WebJobs.Thumbnails.Shared.csproj", "{36D94253-0A3D-4062-9FB9-635B402C68C6}"
EndProject
Project("{FAE04EC0-301F-11D3-BF4B-00C04F79EFBC}") = "Fifthweek.Shared", "Fifthweek.Shared\Fifthweek.Shared.csproj", "{6D12FFBB-38E9-4722-A690-0F0338538EBC}"
EndProject
Project("{FAE04EC0-301F-11D3-BF4B-00C04F79EFBC}") = "Fifthweek.Shared.Tests", "Fifthweek.Shared.Tests\Fifthweek.Shared.Tests.csproj", "{47D9DF9F-7EBC-4AEC-A2E6-8367B4FAE95D}"
EndProject
Project("{FAE04EC0-301F-11D3-BF4B-00C04F79EFBC}") = "Fifthweek.CodeGeneration", "Fifthweek.CodeGeneration\Fifthweek.CodeGeneration.csproj", "{770F450E-2166-4269-BEC1-DF59AA16B1E8}"
EndProject
Project("{FAE04EC0-301F-11D3-BF4B-00C04F79EFBC}") = "Fifthweek.CodeGeneration.Tests", "Fifthweek.CodeGeneration.Tests\Fifthweek.CodeGeneration.Tests.csproj", "{78250082-7E31-46FC-9D94-6CFD837545F0}"
EndProject
Project("{FAE04EC0-301F-11D3-BF4B-00C04F79EFBC}") = "Fifthweek.Tests.Shared", "Fifthweek.Tests.Shared\Fifthweek.Tests.Shared.csproj", "{85691D93-9C0C-498B-8341-1990BC8E24B2}"
EndProject
Project("{FAE04EC0-301F-11D3-BF4B-00C04F79EFBC}") = "Fifthweek.Api.Posts.Tests", "Fifthweek.Api.Posts.Tests\Fifthweek.Api.Posts.Tests.csproj", "{3D06725F-9169-474D-9BA7-EC460259760C}"
EndProject
Project("{FAE04EC0-301F-11D3-BF4B-00C04F79EFBC}") = "Fifthweek.Api.Posts", "Fifthweek.Api.Posts\Fifthweek.Api.Posts.csproj", "{154CBDE0-8EEB-44DC-BFA4-769542A24080}"
EndProject
Project("{FAE04EC0-301F-11D3-BF4B-00C04F79EFBC}") = "Fifthweek.Azure", "Fifthweek.Azure\Fifthweek.Azure.csproj", "{890CD4C4-993F-482D-BBB5-A50767ACE55B}"
EndProject
Project("{FAE04EC0-301F-11D3-BF4B-00C04F79EFBC}") = "Fifthweek.Api.Collections", "Fifthweek.Api.Collections\Fifthweek.Api.Collections.csproj", "{92FF5E2B-F153-433F-92F6-DD580D9E09B8}"
EndProject
Project("{FAE04EC0-301F-11D3-BF4B-00C04F79EFBC}") = "Fifthweek.Api.Collections.Tests", "Fifthweek.Api.Collections.Tests\Fifthweek.Api.Collections.Tests.csproj", "{7109ACEC-A98B-4CDE-BF8E-D38048344DFB}"
EndProject
Project("{FAE04EC0-301F-11D3-BF4B-00C04F79EFBC}") = "Fifthweek.WebJobs.GarbageCollection.Shared", "Fifthweek.WebJobs.GarbageCollection.Shared\Fifthweek.WebJobs.GarbageCollection.Shared.csproj", "{6328C758-26D7-4FB4-A626-D8AAD17435FD}"
EndProject
Project("{FAE04EC0-301F-11D3-BF4B-00C04F79EFBC}") = "Fifthweek.WebJobs.GarbageCollection", "Fifthweek.WebJobs.GarbageCollection\Fifthweek.WebJobs.GarbageCollection.csproj", "{ED4BB87D-AC12-4BC8-B06A-6CA956BA6DA8}"
EndProject
Project("{FAE04EC0-301F-11D3-BF4B-00C04F79EFBC}") = "Fifthweek.WebJobs.GarbageCollection.Tests", "Fifthweek.WebJobs.GarbageCollection.Tests\Fifthweek.WebJobs.GarbageCollection.Tests.csproj", "{1A90E948-31F6-4C6C-B1CA-2863CD583B42}"
EndProject
Project("{FAE04EC0-301F-11D3-BF4B-00C04F79EFBC}") = "Fifthweek.Api.Aggregations", "Fifthweek.Api.Aggregations\Fifthweek.Api.Aggregations.csproj", "{CC71B97B-13CC-4333-A681-D192DD87BCCD}"
EndProject
Project("{FAE04EC0-301F-11D3-BF4B-00C04F79EFBC}") = "Fifthweek.Api.Aggregations.Tests", "Fifthweek.Api.Aggregations.Tests\Fifthweek.Api.Aggregations.Tests.csproj", "{F5B149A2-9500-44DC-88B5-870629675845}"
EndProject
Project("{FAE04EC0-301F-11D3-BF4B-00C04F79EFBC}") = "Fifthweek.Api.Identity.Tests.Shared", "Fifthweek.Api.Identity.Tests.Shared\Fifthweek.Api.Identity.Tests.Shared.csproj", "{45E1C6C7-845A-480F-BBBC-5DF3135D1E19}"
EndProject
Project("{2150E333-8FDC-42A3-9474-1A3956D46DE8}") = "CodeSnippets", "CodeSnippets", "{78C0F6D6-F9EC-41F0-8F06-877DE5CE3C7E}"
	ProjectSection(SolutionItems) = preProject
		CodeSnippets\CommandHandler.snippet = CodeSnippets\CommandHandler.snippet
		CodeSnippets\TestClass.snippet = CodeSnippets\TestClass.snippet
		CodeSnippets\TestClassCommandHandler.snippet = CodeSnippets\TestClassCommandHandler.snippet
		CodeSnippets\TestId.snippet = CodeSnippets\TestId.snippet
		CodeSnippets\TestMethod.snippet = CodeSnippets\TestMethod.snippet
		CodeSnippets\TestMethodAuthorization.snippet = CodeSnippets\TestMethodAuthorization.snippet
		CodeSnippets\TestMethodBadRequest.snippet = CodeSnippets\TestMethodBadRequest.snippet
		CodeSnippets\TestMethodDatabase.snippet = CodeSnippets\TestMethodDatabase.snippet
		CodeSnippets\TestMethodNullCommand.snippet = CodeSnippets\TestMethodNullCommand.snippet
		CodeSnippets\TestMethodNullParameter.snippet = CodeSnippets\TestMethodNullParameter.snippet
		CodeSnippets\TestRequester.snippet = CodeSnippets\TestRequester.snippet
	EndProjectSection
EndProject
Project("{FAE04EC0-301F-11D3-BF4B-00C04F79EFBC}") = "Fifthweek.Api.Channels", "Fifthweek.Api.Channels\Fifthweek.Api.Channels.csproj", "{208F4ACA-4012-466F-BC49-7E2C443D3C06}"
EndProject
Project("{FAE04EC0-301F-11D3-BF4B-00C04F79EFBC}") = "Fifthweek.Api.Channels.Tests", "Fifthweek.Api.Channels.Tests\Fifthweek.Api.Channels.Tests.csproj", "{6DF534C5-85D8-41AA-A7A3-E95A13F456BE}"
EndProject
Project("{FAE04EC0-301F-11D3-BF4B-00C04F79EFBC}") = "Fifthweek.Api.Channels.Shared", "Fifthweek.Api.Channels.Shared\Fifthweek.Api.Channels.Shared.csproj", "{DF1BB4E7-5315-4E5C-BA73-6DFA4D9E7564}"
EndProject
Project("{FAE04EC0-301F-11D3-BF4B-00C04F79EFBC}") = "Fifthweek.Api.Collections.Shared", "Fifthweek.Api.Collections.Shared\Fifthweek.Api.Collections.Shared.csproj", "{23B50A6B-D27C-4761-BE96-1F90B9408A87}"
	ProjectSection(ProjectDependencies) = postProject
		{9C18BEE3-FAB5-4A00-8A94-A1FAEA370175} = {9C18BEE3-FAB5-4A00-8A94-A1FAEA370175}
	EndProjectSection
EndProject
Project("{FAE04EC0-301F-11D3-BF4B-00C04F79EFBC}") = "Fifthweek.Api.FileManagement.Shared", "Fifthweek.Api.FileManagement.Shared\Fifthweek.Api.FileManagement.Shared.csproj", "{3CA706AF-5916-414E-9625-FB8FCBBD82F7}"
	ProjectSection(ProjectDependencies) = postProject
		{9C18BEE3-FAB5-4A00-8A94-A1FAEA370175} = {9C18BEE3-FAB5-4A00-8A94-A1FAEA370175}
	EndProjectSection
EndProject
Project("{FAE04EC0-301F-11D3-BF4B-00C04F79EFBC}") = "Fifthweek.Api.Identity.Shared", "Fifthweek.Api.Identity.Shared\Fifthweek.Api.Identity.Shared.csproj", "{1B07E9CC-1B0E-49D7-96D6-0F8C58A7C0CA}"
	ProjectSection(ProjectDependencies) = postProject
		{9C18BEE3-FAB5-4A00-8A94-A1FAEA370175} = {9C18BEE3-FAB5-4A00-8A94-A1FAEA370175}
	EndProjectSection
EndProject
Project("{FAE04EC0-301F-11D3-BF4B-00C04F79EFBC}") = "Fifthweek.Api.Posts.Shared", "Fifthweek.Api.Posts.Shared\Fifthweek.Api.Posts.Shared.csproj", "{493FC9F2-6A6B-46C0-9BC9-83F8A3B60F9E}"
	ProjectSection(ProjectDependencies) = postProject
		{9C18BEE3-FAB5-4A00-8A94-A1FAEA370175} = {9C18BEE3-FAB5-4A00-8A94-A1FAEA370175}
	EndProjectSection
EndProject
Project("{FAE04EC0-301F-11D3-BF4B-00C04F79EFBC}") = "Fifthweek.Api.AssemblyResolution", "Fifthweek.Api.AssemblyResolution\Fifthweek.Api.AssemblyResolution.csproj", "{47648FEB-DCEB-4151-8B98-EFE1388F11FD}"
EndProject
Project("{FAE04EC0-301F-11D3-BF4B-00C04F79EFBC}") = "Fifthweek.Api.ClientHttpStubs", "Fifthweek.Api.ClientHttpStubs\Fifthweek.Api.ClientHttpStubs.csproj", "{EEC44FF8-062F-4A57-9320-3D15804BBFF1}"
EndProject
Project("{FAE04EC0-301F-11D3-BF4B-00C04F79EFBC}") = "Fifthweek.Api.EndToEndTestMailboxes", "Fifthweek.Api.EndToEndTestInboxes\Fifthweek.Api.EndToEndTestMailboxes.csproj", "{74D1E6F3-4F1D-4A58-A6D4-1D05EE33CEBA}"
EndProject
Project("{FAE04EC0-301F-11D3-BF4B-00C04F79EFBC}") = "Fifthweek.Api.EndToEndTestMailboxes.Tests", "Fifthweek.Api.EndToEndTestInboxes.Tests\Fifthweek.Api.EndToEndTestMailboxes.Tests.csproj", "{62F7658A-B4F8-4205-AE9F-ED5E85782D3A}"
EndProject
Project("{FAE04EC0-301F-11D3-BF4B-00C04F79EFBC}") = "Fifthweek.Api.EndToEndTestMailboxes.Shared", "Fifthweek.Api.EndToEndTestMailboxes.Shared\Fifthweek.Api.EndToEndTestMailboxes.Shared.csproj", "{DA56BC7E-7E27-4211-B5C0-63E7205B769D}"
EndProject
Project("{FAE04EC0-301F-11D3-BF4B-00C04F79EFBC}") = "Fifthweek.Logging", "Fifthweek.Logging\Fifthweek.Logging.csproj", "{6CB9EAC7-E00A-4DAC-B6A4-D14C4503C6CD}"
EndProject
Project("{FAE04EC0-301F-11D3-BF4B-00C04F79EFBC}") = "Fifthweek.Logging.Tests", "Fifthweek.Logging.Tests\Fifthweek.Logging.Tests.csproj", "{8516FA7A-01CB-4E4E-B26B-547D025BB038}"
EndProject
Project("{FAE04EC0-301F-11D3-BF4B-00C04F79EFBC}") = "Fifthweek.Api.Blogs.Shared", "Fifthweek.Api.Blogs.Shared\Fifthweek.Api.Blogs.Shared.csproj", "{B2D572A4-86C5-4F16-AB6A-CE87A63E08DD}"
EndProject
Project("{FAE04EC0-301F-11D3-BF4B-00C04F79EFBC}") = "Fifthweek.Api.Blogs", "Fifthweek.Api.Blogs\Fifthweek.Api.Blogs.csproj", "{5DB142B7-3152-447E-8816-33A90BA9EF76}"
EndProject
Project("{FAE04EC0-301F-11D3-BF4B-00C04F79EFBC}") = "Fifthweek.Api.Blogs.Tests", "Fifthweek.Api.Blogs.Tests\Fifthweek.Api.Blogs.Tests.csproj", "{F11F6CD5-E9FF-4324-9EF9-0ED9CE26C8BE}"
EndProject
Project("{FAE04EC0-301F-11D3-BF4B-00C04F79EFBC}") = "Fifthweek.Payments", "Fifthweek.Payments\Fifthweek.Payments.csproj", "{9C64B84A-264B-44BC-8D47-BCC52B88E0AC}"
EndProject
Project("{FAE04EC0-301F-11D3-BF4B-00C04F79EFBC}") = "Fifthweek.Payments.Tests", "Fifthweek.Payments.Tests\Fifthweek.Payments.Tests.csproj", "{261BBA3A-829A-41B0-9B70-6A2D22E8C03F}"
EndProject
Project("{FAE04EC0-301F-11D3-BF4B-00C04F79EFBC}") = "Fifthweek.WebJobs.Snapshots", "Fifthweek.WebJobs.Snapshots\Fifthweek.WebJobs.Snapshots.csproj", "{1EC1FA9F-E62E-4481-96E5-1A136CE4DFC0}"
EndProject
Project("{FAE04EC0-301F-11D3-BF4B-00C04F79EFBC}") = "Fifthweek.Payments.Tests.Shared", "Fifthweek.Payments.Tests.Shared\Fifthweek.Payments.Tests.Shared.csproj", "{0EB8296A-D442-479E-A193-90A7AAED8E75}"
EndProject
Project("{FAE04EC0-301F-11D3-BF4B-00C04F79EFBC}") = "Fifthweek.Payments.SnapshotCreation", "Fifthweek.Payments.SnapshotCreation\Fifthweek.Payments.SnapshotCreation.csproj", "{81BCF480-639C-42C6-ADCF-2E5C97DEE750}"
EndProject
Project("{FAE04EC0-301F-11D3-BF4B-00C04F79EFBC}") = "Fifthweek.Payments.Shared", "Fifthweek.Payments.Shared\Fifthweek.Payments.Shared.csproj", "{8EF964CC-55F2-40BB-A0CE-F92F23AC8D90}"
EndProject
Project("{FAE04EC0-301F-11D3-BF4B-00C04F79EFBC}") = "Fifthweek.Payments.SnapshotCreation.Tests", "Fifthweek.Payments.SnapshotCreation.Tests\Fifthweek.Payments.SnapshotCreation.Tests.csproj", "{A95D4258-5D69-4CF7-BB99-60B84FA1882F}"
EndProject
Project("{FAE04EC0-301F-11D3-BF4B-00C04F79EFBC}") = "Fifthweek.WebJobs.Snapshots.Tests", "Fifthweek.WebJobs.Snapshots.Tests\Fifthweek.WebJobs.Snapshots.Tests.csproj", "{D31E1D68-E1BA-496F-9DD8-0771626FBDF2}"
EndProject
Project("{FAE04EC0-301F-11D3-BF4B-00C04F79EFBC}") = "Fifthweek.WebJobs.Payments", "Fifthweek.WebJobs.Payments\Fifthweek.WebJobs.Payments.csproj", "{3191D4D8-2814-48F7-A782-70A16FE21CD1}"
EndProject
Project("{FAE04EC0-301F-11D3-BF4B-00C04F79EFBC}") = "Fifthweek.Azure.Tests", "Fifthweek.Azure.Tests\Fifthweek.Azure.Tests.csproj", "{23B41C13-2FE3-414C-849A-59D4F7A8015D}"
EndProject
Project("{FAE04EC0-301F-11D3-BF4B-00C04F79EFBC}") = "Fifthweek.WebJobs.Payments.Tests", "Fifthweek.WebJobs.Payments.Tests\Fifthweek.WebJobs.Payments.Tests.csproj", "{5BAC578E-3CF0-49E2-89CD-E8A50F810A47}"
EndProject
Project("{FAE04EC0-301F-11D3-BF4B-00C04F79EFBC}") = "Fifthweek.Api.Payments", "Fifthweek.Api.Payments\Fifthweek.Api.Payments.csproj", "{B93626ED-9237-4647-AC00-D8F952827040}"
EndProject
Project("{FAE04EC0-301F-11D3-BF4B-00C04F79EFBC}") = "Fifthweek.Api.Payments.Tests", "Fifthweek.Api.Payments.Tests\Fifthweek.Api.Payments.Tests.csproj", "{41B7FE7D-EBFB-4E28-938A-98032BC53723}"
EndProject
Project("{FAE04EC0-301F-11D3-BF4B-00C04F79EFBC}") = "Taxamo", "Taxamo\Taxamo.csproj", "{0A7ECB89-B0BB-458C-8244-08B59850668E}"
EndProject
Global
	GlobalSection(SolutionConfigurationPlatforms) = preSolution
		Debug|Any CPU = Debug|Any CPU
		Release|Any CPU = Release|Any CPU
	EndGlobalSection
	GlobalSection(ProjectConfigurationPlatforms) = postSolution
		{F90DC407-DC1E-4EF6-BBEC-B5598810660A}.Debug|Any CPU.ActiveCfg = Debug|Any CPU
		{F90DC407-DC1E-4EF6-BBEC-B5598810660A}.Debug|Any CPU.Build.0 = Debug|Any CPU
		{F90DC407-DC1E-4EF6-BBEC-B5598810660A}.Release|Any CPU.ActiveCfg = Release|Any CPU
		{F90DC407-DC1E-4EF6-BBEC-B5598810660A}.Release|Any CPU.Build.0 = Release|Any CPU
		{4B4C008B-48CE-43F3-AB20-8A148500DA4B}.Debug|Any CPU.ActiveCfg = Debug|Any CPU
		{4B4C008B-48CE-43F3-AB20-8A148500DA4B}.Debug|Any CPU.Build.0 = Debug|Any CPU
		{4B4C008B-48CE-43F3-AB20-8A148500DA4B}.Release|Any CPU.ActiveCfg = Release|Any CPU
		{4B4C008B-48CE-43F3-AB20-8A148500DA4B}.Release|Any CPU.Build.0 = Release|Any CPU
		{22D85C74-3001-4930-95D7-8F2526452DD6}.Debug|Any CPU.ActiveCfg = Debug|Any CPU
		{22D85C74-3001-4930-95D7-8F2526452DD6}.Debug|Any CPU.Build.0 = Debug|Any CPU
		{22D85C74-3001-4930-95D7-8F2526452DD6}.Release|Any CPU.ActiveCfg = Release|Any CPU
		{22D85C74-3001-4930-95D7-8F2526452DD6}.Release|Any CPU.Build.0 = Release|Any CPU
		{5F5DF240-536A-41B6-BFEC-4F89940EB053}.Debug|Any CPU.ActiveCfg = Debug|Any CPU
		{5F5DF240-536A-41B6-BFEC-4F89940EB053}.Debug|Any CPU.Build.0 = Debug|Any CPU
		{5F5DF240-536A-41B6-BFEC-4F89940EB053}.Release|Any CPU.ActiveCfg = Release|Any CPU
		{5F5DF240-536A-41B6-BFEC-4F89940EB053}.Release|Any CPU.Build.0 = Release|Any CPU
		{6A2AF270-E4D4-4C4E-A88F-807F7B9A03B7}.Debug|Any CPU.ActiveCfg = Debug|Any CPU
		{6A2AF270-E4D4-4C4E-A88F-807F7B9A03B7}.Debug|Any CPU.Build.0 = Debug|Any CPU
		{6A2AF270-E4D4-4C4E-A88F-807F7B9A03B7}.Release|Any CPU.ActiveCfg = Release|Any CPU
		{6A2AF270-E4D4-4C4E-A88F-807F7B9A03B7}.Release|Any CPU.Build.0 = Release|Any CPU
		{BD52863E-063D-45A5-9CA8-7541804D1313}.Debug|Any CPU.ActiveCfg = Debug|Any CPU
		{BD52863E-063D-45A5-9CA8-7541804D1313}.Debug|Any CPU.Build.0 = Debug|Any CPU
		{BD52863E-063D-45A5-9CA8-7541804D1313}.Release|Any CPU.ActiveCfg = Release|Any CPU
		{BD52863E-063D-45A5-9CA8-7541804D1313}.Release|Any CPU.Build.0 = Release|Any CPU
		{F42BEC68-554B-4C11-8533-92BEC56F23A4}.Debug|Any CPU.ActiveCfg = Debug|Any CPU
		{F42BEC68-554B-4C11-8533-92BEC56F23A4}.Debug|Any CPU.Build.0 = Debug|Any CPU
		{F42BEC68-554B-4C11-8533-92BEC56F23A4}.Release|Any CPU.ActiveCfg = Release|Any CPU
		{F42BEC68-554B-4C11-8533-92BEC56F23A4}.Release|Any CPU.Build.0 = Release|Any CPU
		{9C18BEE3-FAB5-4A00-8A94-A1FAEA370175}.Debug|Any CPU.ActiveCfg = Debug|Any CPU
		{9C18BEE3-FAB5-4A00-8A94-A1FAEA370175}.Debug|Any CPU.Build.0 = Debug|Any CPU
		{9C18BEE3-FAB5-4A00-8A94-A1FAEA370175}.Release|Any CPU.ActiveCfg = Release|Any CPU
		{9C18BEE3-FAB5-4A00-8A94-A1FAEA370175}.Release|Any CPU.Build.0 = Release|Any CPU
		{77A6244A-3203-49DD-AF73-215FB90BC3F9}.Debug|Any CPU.ActiveCfg = Debug|Any CPU
		{77A6244A-3203-49DD-AF73-215FB90BC3F9}.Debug|Any CPU.Build.0 = Debug|Any CPU
		{77A6244A-3203-49DD-AF73-215FB90BC3F9}.Release|Any CPU.ActiveCfg = Release|Any CPU
		{77A6244A-3203-49DD-AF73-215FB90BC3F9}.Release|Any CPU.Build.0 = Release|Any CPU
		{C301C133-C292-4189-9509-968393633A2F}.Debug|Any CPU.ActiveCfg = Debug|Any CPU
		{C301C133-C292-4189-9509-968393633A2F}.Debug|Any CPU.Build.0 = Debug|Any CPU
		{C301C133-C292-4189-9509-968393633A2F}.Release|Any CPU.ActiveCfg = Release|Any CPU
		{C301C133-C292-4189-9509-968393633A2F}.Release|Any CPU.Build.0 = Release|Any CPU
		{7FF24EF2-AF32-4E91-95F6-C978FA128245}.Debug|Any CPU.ActiveCfg = Debug|Any CPU
		{7FF24EF2-AF32-4E91-95F6-C978FA128245}.Debug|Any CPU.Build.0 = Debug|Any CPU
		{7FF24EF2-AF32-4E91-95F6-C978FA128245}.Release|Any CPU.ActiveCfg = Release|Any CPU
		{7FF24EF2-AF32-4E91-95F6-C978FA128245}.Release|Any CPU.Build.0 = Release|Any CPU
		{0046C984-3FD6-471C-BE0C-9CA0688CCCC9}.Debug|Any CPU.ActiveCfg = Debug|Any CPU
		{0046C984-3FD6-471C-BE0C-9CA0688CCCC9}.Debug|Any CPU.Build.0 = Debug|Any CPU
		{0046C984-3FD6-471C-BE0C-9CA0688CCCC9}.Release|Any CPU.ActiveCfg = Release|Any CPU
		{0046C984-3FD6-471C-BE0C-9CA0688CCCC9}.Release|Any CPU.Build.0 = Release|Any CPU
		{F6DC16BF-9B37-48A9-B5C8-E233C2FBEEEB}.Debug|Any CPU.ActiveCfg = Debug|Any CPU
		{F6DC16BF-9B37-48A9-B5C8-E233C2FBEEEB}.Debug|Any CPU.Build.0 = Debug|Any CPU
		{F6DC16BF-9B37-48A9-B5C8-E233C2FBEEEB}.Release|Any CPU.ActiveCfg = Release|Any CPU
		{F6DC16BF-9B37-48A9-B5C8-E233C2FBEEEB}.Release|Any CPU.Build.0 = Release|Any CPU
		{F91E5854-C180-4F6D-9AA5-D657C202F1AE}.Debug|Any CPU.ActiveCfg = Debug|Any CPU
		{F91E5854-C180-4F6D-9AA5-D657C202F1AE}.Debug|Any CPU.Build.0 = Debug|Any CPU
		{F91E5854-C180-4F6D-9AA5-D657C202F1AE}.Release|Any CPU.ActiveCfg = Release|Any CPU
		{F91E5854-C180-4F6D-9AA5-D657C202F1AE}.Release|Any CPU.Build.0 = Release|Any CPU
		{3242E7FC-35CE-4E69-B07B-B8DCB3C69348}.Debug|Any CPU.ActiveCfg = Debug|Any CPU
		{3242E7FC-35CE-4E69-B07B-B8DCB3C69348}.Debug|Any CPU.Build.0 = Debug|Any CPU
		{3242E7FC-35CE-4E69-B07B-B8DCB3C69348}.Release|Any CPU.ActiveCfg = Release|Any CPU
		{3242E7FC-35CE-4E69-B07B-B8DCB3C69348}.Release|Any CPU.Build.0 = Release|Any CPU
		{6449285D-CBBE-4186-B840-D757A63389DA}.Debug|Any CPU.ActiveCfg = Debug|Any CPU
		{6449285D-CBBE-4186-B840-D757A63389DA}.Debug|Any CPU.Build.0 = Debug|Any CPU
		{6449285D-CBBE-4186-B840-D757A63389DA}.Release|Any CPU.ActiveCfg = Release|Any CPU
		{6449285D-CBBE-4186-B840-D757A63389DA}.Release|Any CPU.Build.0 = Release|Any CPU
		{ABC43617-3AAA-4B7A-B4DC-D10E023F1846}.Debug|Any CPU.ActiveCfg = Debug|Any CPU
		{ABC43617-3AAA-4B7A-B4DC-D10E023F1846}.Debug|Any CPU.Build.0 = Debug|Any CPU
		{ABC43617-3AAA-4B7A-B4DC-D10E023F1846}.Release|Any CPU.ActiveCfg = Release|Any CPU
		{ABC43617-3AAA-4B7A-B4DC-D10E023F1846}.Release|Any CPU.Build.0 = Release|Any CPU
		{D4E9D942-7537-4F54-95C9-98B45F04B1D1}.Debug|Any CPU.ActiveCfg = Debug|Any CPU
		{D4E9D942-7537-4F54-95C9-98B45F04B1D1}.Debug|Any CPU.Build.0 = Debug|Any CPU
		{D4E9D942-7537-4F54-95C9-98B45F04B1D1}.Release|Any CPU.ActiveCfg = Release|Any CPU
		{D4E9D942-7537-4F54-95C9-98B45F04B1D1}.Release|Any CPU.Build.0 = Release|Any CPU
		{ECDE2C4E-7DD8-4210-8E09-D5762C88B3CB}.Debug|Any CPU.ActiveCfg = Debug|Any CPU
		{ECDE2C4E-7DD8-4210-8E09-D5762C88B3CB}.Debug|Any CPU.Build.0 = Debug|Any CPU
		{ECDE2C4E-7DD8-4210-8E09-D5762C88B3CB}.Release|Any CPU.ActiveCfg = Release|Any CPU
		{ECDE2C4E-7DD8-4210-8E09-D5762C88B3CB}.Release|Any CPU.Build.0 = Release|Any CPU
		{38210173-9A08-4C53-9D64-D9FDCC44107A}.Debug|Any CPU.ActiveCfg = Debug|Any CPU
		{38210173-9A08-4C53-9D64-D9FDCC44107A}.Debug|Any CPU.Build.0 = Debug|Any CPU
		{38210173-9A08-4C53-9D64-D9FDCC44107A}.Release|Any CPU.ActiveCfg = Release|Any CPU
		{38210173-9A08-4C53-9D64-D9FDCC44107A}.Release|Any CPU.Build.0 = Release|Any CPU
		{EFBACD48-98A1-4FA3-9BEA-E13414141484}.Debug|Any CPU.ActiveCfg = Debug|Any CPU
		{EFBACD48-98A1-4FA3-9BEA-E13414141484}.Debug|Any CPU.Build.0 = Debug|Any CPU
		{EFBACD48-98A1-4FA3-9BEA-E13414141484}.Release|Any CPU.ActiveCfg = Release|Any CPU
		{EFBACD48-98A1-4FA3-9BEA-E13414141484}.Release|Any CPU.Build.0 = Release|Any CPU
		{3A45065B-761C-4DE6-AB5F-1B663658C919}.Debug|Any CPU.ActiveCfg = Debug|Any CPU
		{3A45065B-761C-4DE6-AB5F-1B663658C919}.Debug|Any CPU.Build.0 = Debug|Any CPU
		{3A45065B-761C-4DE6-AB5F-1B663658C919}.Release|Any CPU.ActiveCfg = Release|Any CPU
		{3A45065B-761C-4DE6-AB5F-1B663658C919}.Release|Any CPU.Build.0 = Release|Any CPU
		{36D94253-0A3D-4062-9FB9-635B402C68C6}.Debug|Any CPU.ActiveCfg = Debug|Any CPU
		{36D94253-0A3D-4062-9FB9-635B402C68C6}.Debug|Any CPU.Build.0 = Debug|Any CPU
		{36D94253-0A3D-4062-9FB9-635B402C68C6}.Release|Any CPU.ActiveCfg = Release|Any CPU
		{36D94253-0A3D-4062-9FB9-635B402C68C6}.Release|Any CPU.Build.0 = Release|Any CPU
		{6D12FFBB-38E9-4722-A690-0F0338538EBC}.Debug|Any CPU.ActiveCfg = Debug|Any CPU
		{6D12FFBB-38E9-4722-A690-0F0338538EBC}.Debug|Any CPU.Build.0 = Debug|Any CPU
		{6D12FFBB-38E9-4722-A690-0F0338538EBC}.Release|Any CPU.ActiveCfg = Release|Any CPU
		{6D12FFBB-38E9-4722-A690-0F0338538EBC}.Release|Any CPU.Build.0 = Release|Any CPU
		{47D9DF9F-7EBC-4AEC-A2E6-8367B4FAE95D}.Debug|Any CPU.ActiveCfg = Debug|Any CPU
		{47D9DF9F-7EBC-4AEC-A2E6-8367B4FAE95D}.Debug|Any CPU.Build.0 = Debug|Any CPU
		{47D9DF9F-7EBC-4AEC-A2E6-8367B4FAE95D}.Release|Any CPU.ActiveCfg = Release|Any CPU
		{47D9DF9F-7EBC-4AEC-A2E6-8367B4FAE95D}.Release|Any CPU.Build.0 = Release|Any CPU
		{770F450E-2166-4269-BEC1-DF59AA16B1E8}.Debug|Any CPU.ActiveCfg = Debug|Any CPU
		{770F450E-2166-4269-BEC1-DF59AA16B1E8}.Debug|Any CPU.Build.0 = Debug|Any CPU
		{770F450E-2166-4269-BEC1-DF59AA16B1E8}.Release|Any CPU.ActiveCfg = Release|Any CPU
		{770F450E-2166-4269-BEC1-DF59AA16B1E8}.Release|Any CPU.Build.0 = Release|Any CPU
		{78250082-7E31-46FC-9D94-6CFD837545F0}.Debug|Any CPU.ActiveCfg = Debug|Any CPU
		{78250082-7E31-46FC-9D94-6CFD837545F0}.Debug|Any CPU.Build.0 = Debug|Any CPU
		{78250082-7E31-46FC-9D94-6CFD837545F0}.Release|Any CPU.ActiveCfg = Release|Any CPU
		{78250082-7E31-46FC-9D94-6CFD837545F0}.Release|Any CPU.Build.0 = Release|Any CPU
		{85691D93-9C0C-498B-8341-1990BC8E24B2}.Debug|Any CPU.ActiveCfg = Debug|Any CPU
		{85691D93-9C0C-498B-8341-1990BC8E24B2}.Debug|Any CPU.Build.0 = Debug|Any CPU
		{85691D93-9C0C-498B-8341-1990BC8E24B2}.Release|Any CPU.ActiveCfg = Release|Any CPU
		{85691D93-9C0C-498B-8341-1990BC8E24B2}.Release|Any CPU.Build.0 = Release|Any CPU
		{3D06725F-9169-474D-9BA7-EC460259760C}.Debug|Any CPU.ActiveCfg = Debug|Any CPU
		{3D06725F-9169-474D-9BA7-EC460259760C}.Debug|Any CPU.Build.0 = Debug|Any CPU
		{3D06725F-9169-474D-9BA7-EC460259760C}.Release|Any CPU.ActiveCfg = Release|Any CPU
		{3D06725F-9169-474D-9BA7-EC460259760C}.Release|Any CPU.Build.0 = Release|Any CPU
		{154CBDE0-8EEB-44DC-BFA4-769542A24080}.Debug|Any CPU.ActiveCfg = Debug|Any CPU
		{154CBDE0-8EEB-44DC-BFA4-769542A24080}.Debug|Any CPU.Build.0 = Debug|Any CPU
		{154CBDE0-8EEB-44DC-BFA4-769542A24080}.Release|Any CPU.ActiveCfg = Release|Any CPU
		{154CBDE0-8EEB-44DC-BFA4-769542A24080}.Release|Any CPU.Build.0 = Release|Any CPU
		{890CD4C4-993F-482D-BBB5-A50767ACE55B}.Debug|Any CPU.ActiveCfg = Debug|Any CPU
		{890CD4C4-993F-482D-BBB5-A50767ACE55B}.Debug|Any CPU.Build.0 = Debug|Any CPU
		{890CD4C4-993F-482D-BBB5-A50767ACE55B}.Release|Any CPU.ActiveCfg = Release|Any CPU
		{890CD4C4-993F-482D-BBB5-A50767ACE55B}.Release|Any CPU.Build.0 = Release|Any CPU
		{92FF5E2B-F153-433F-92F6-DD580D9E09B8}.Debug|Any CPU.ActiveCfg = Debug|Any CPU
		{92FF5E2B-F153-433F-92F6-DD580D9E09B8}.Debug|Any CPU.Build.0 = Debug|Any CPU
		{92FF5E2B-F153-433F-92F6-DD580D9E09B8}.Release|Any CPU.ActiveCfg = Release|Any CPU
		{92FF5E2B-F153-433F-92F6-DD580D9E09B8}.Release|Any CPU.Build.0 = Release|Any CPU
		{7109ACEC-A98B-4CDE-BF8E-D38048344DFB}.Debug|Any CPU.ActiveCfg = Debug|Any CPU
		{7109ACEC-A98B-4CDE-BF8E-D38048344DFB}.Debug|Any CPU.Build.0 = Debug|Any CPU
		{7109ACEC-A98B-4CDE-BF8E-D38048344DFB}.Release|Any CPU.ActiveCfg = Release|Any CPU
		{7109ACEC-A98B-4CDE-BF8E-D38048344DFB}.Release|Any CPU.Build.0 = Release|Any CPU
		{6328C758-26D7-4FB4-A626-D8AAD17435FD}.Debug|Any CPU.ActiveCfg = Debug|Any CPU
		{6328C758-26D7-4FB4-A626-D8AAD17435FD}.Debug|Any CPU.Build.0 = Debug|Any CPU
		{6328C758-26D7-4FB4-A626-D8AAD17435FD}.Release|Any CPU.ActiveCfg = Release|Any CPU
		{6328C758-26D7-4FB4-A626-D8AAD17435FD}.Release|Any CPU.Build.0 = Release|Any CPU
		{ED4BB87D-AC12-4BC8-B06A-6CA956BA6DA8}.Debug|Any CPU.ActiveCfg = Debug|Any CPU
		{ED4BB87D-AC12-4BC8-B06A-6CA956BA6DA8}.Debug|Any CPU.Build.0 = Debug|Any CPU
		{ED4BB87D-AC12-4BC8-B06A-6CA956BA6DA8}.Release|Any CPU.ActiveCfg = Release|Any CPU
		{ED4BB87D-AC12-4BC8-B06A-6CA956BA6DA8}.Release|Any CPU.Build.0 = Release|Any CPU
		{1A90E948-31F6-4C6C-B1CA-2863CD583B42}.Debug|Any CPU.ActiveCfg = Debug|Any CPU
		{1A90E948-31F6-4C6C-B1CA-2863CD583B42}.Debug|Any CPU.Build.0 = Debug|Any CPU
		{1A90E948-31F6-4C6C-B1CA-2863CD583B42}.Release|Any CPU.ActiveCfg = Release|Any CPU
		{1A90E948-31F6-4C6C-B1CA-2863CD583B42}.Release|Any CPU.Build.0 = Release|Any CPU
		{CC71B97B-13CC-4333-A681-D192DD87BCCD}.Debug|Any CPU.ActiveCfg = Debug|Any CPU
		{CC71B97B-13CC-4333-A681-D192DD87BCCD}.Debug|Any CPU.Build.0 = Debug|Any CPU
		{CC71B97B-13CC-4333-A681-D192DD87BCCD}.Release|Any CPU.ActiveCfg = Release|Any CPU
		{CC71B97B-13CC-4333-A681-D192DD87BCCD}.Release|Any CPU.Build.0 = Release|Any CPU
		{F5B149A2-9500-44DC-88B5-870629675845}.Debug|Any CPU.ActiveCfg = Debug|Any CPU
		{F5B149A2-9500-44DC-88B5-870629675845}.Debug|Any CPU.Build.0 = Debug|Any CPU
		{F5B149A2-9500-44DC-88B5-870629675845}.Release|Any CPU.ActiveCfg = Release|Any CPU
		{F5B149A2-9500-44DC-88B5-870629675845}.Release|Any CPU.Build.0 = Release|Any CPU
		{45E1C6C7-845A-480F-BBBC-5DF3135D1E19}.Debug|Any CPU.ActiveCfg = Debug|Any CPU
		{45E1C6C7-845A-480F-BBBC-5DF3135D1E19}.Debug|Any CPU.Build.0 = Debug|Any CPU
		{45E1C6C7-845A-480F-BBBC-5DF3135D1E19}.Release|Any CPU.ActiveCfg = Release|Any CPU
		{45E1C6C7-845A-480F-BBBC-5DF3135D1E19}.Release|Any CPU.Build.0 = Release|Any CPU
		{208F4ACA-4012-466F-BC49-7E2C443D3C06}.Debug|Any CPU.ActiveCfg = Debug|Any CPU
		{208F4ACA-4012-466F-BC49-7E2C443D3C06}.Debug|Any CPU.Build.0 = Debug|Any CPU
		{208F4ACA-4012-466F-BC49-7E2C443D3C06}.Release|Any CPU.ActiveCfg = Release|Any CPU
		{208F4ACA-4012-466F-BC49-7E2C443D3C06}.Release|Any CPU.Build.0 = Release|Any CPU
		{6DF534C5-85D8-41AA-A7A3-E95A13F456BE}.Debug|Any CPU.ActiveCfg = Debug|Any CPU
		{6DF534C5-85D8-41AA-A7A3-E95A13F456BE}.Debug|Any CPU.Build.0 = Debug|Any CPU
		{6DF534C5-85D8-41AA-A7A3-E95A13F456BE}.Release|Any CPU.ActiveCfg = Release|Any CPU
		{6DF534C5-85D8-41AA-A7A3-E95A13F456BE}.Release|Any CPU.Build.0 = Release|Any CPU
		{DF1BB4E7-5315-4E5C-BA73-6DFA4D9E7564}.Debug|Any CPU.ActiveCfg = Debug|Any CPU
		{DF1BB4E7-5315-4E5C-BA73-6DFA4D9E7564}.Debug|Any CPU.Build.0 = Debug|Any CPU
		{DF1BB4E7-5315-4E5C-BA73-6DFA4D9E7564}.Release|Any CPU.ActiveCfg = Release|Any CPU
		{DF1BB4E7-5315-4E5C-BA73-6DFA4D9E7564}.Release|Any CPU.Build.0 = Release|Any CPU
		{23B50A6B-D27C-4761-BE96-1F90B9408A87}.Debug|Any CPU.ActiveCfg = Debug|Any CPU
		{23B50A6B-D27C-4761-BE96-1F90B9408A87}.Debug|Any CPU.Build.0 = Debug|Any CPU
		{23B50A6B-D27C-4761-BE96-1F90B9408A87}.Release|Any CPU.ActiveCfg = Release|Any CPU
		{23B50A6B-D27C-4761-BE96-1F90B9408A87}.Release|Any CPU.Build.0 = Release|Any CPU
		{3CA706AF-5916-414E-9625-FB8FCBBD82F7}.Debug|Any CPU.ActiveCfg = Debug|Any CPU
		{3CA706AF-5916-414E-9625-FB8FCBBD82F7}.Debug|Any CPU.Build.0 = Debug|Any CPU
		{3CA706AF-5916-414E-9625-FB8FCBBD82F7}.Release|Any CPU.ActiveCfg = Release|Any CPU
		{3CA706AF-5916-414E-9625-FB8FCBBD82F7}.Release|Any CPU.Build.0 = Release|Any CPU
		{1B07E9CC-1B0E-49D7-96D6-0F8C58A7C0CA}.Debug|Any CPU.ActiveCfg = Debug|Any CPU
		{1B07E9CC-1B0E-49D7-96D6-0F8C58A7C0CA}.Debug|Any CPU.Build.0 = Debug|Any CPU
		{1B07E9CC-1B0E-49D7-96D6-0F8C58A7C0CA}.Release|Any CPU.ActiveCfg = Release|Any CPU
		{1B07E9CC-1B0E-49D7-96D6-0F8C58A7C0CA}.Release|Any CPU.Build.0 = Release|Any CPU
		{493FC9F2-6A6B-46C0-9BC9-83F8A3B60F9E}.Debug|Any CPU.ActiveCfg = Debug|Any CPU
		{493FC9F2-6A6B-46C0-9BC9-83F8A3B60F9E}.Debug|Any CPU.Build.0 = Debug|Any CPU
		{493FC9F2-6A6B-46C0-9BC9-83F8A3B60F9E}.Release|Any CPU.ActiveCfg = Release|Any CPU
		{493FC9F2-6A6B-46C0-9BC9-83F8A3B60F9E}.Release|Any CPU.Build.0 = Release|Any CPU
		{47648FEB-DCEB-4151-8B98-EFE1388F11FD}.Debug|Any CPU.ActiveCfg = Debug|Any CPU
		{47648FEB-DCEB-4151-8B98-EFE1388F11FD}.Debug|Any CPU.Build.0 = Debug|Any CPU
		{47648FEB-DCEB-4151-8B98-EFE1388F11FD}.Release|Any CPU.ActiveCfg = Release|Any CPU
		{47648FEB-DCEB-4151-8B98-EFE1388F11FD}.Release|Any CPU.Build.0 = Release|Any CPU
		{EEC44FF8-062F-4A57-9320-3D15804BBFF1}.Debug|Any CPU.ActiveCfg = Debug|Any CPU
		{EEC44FF8-062F-4A57-9320-3D15804BBFF1}.Debug|Any CPU.Build.0 = Debug|Any CPU
		{EEC44FF8-062F-4A57-9320-3D15804BBFF1}.Release|Any CPU.ActiveCfg = Release|Any CPU
		{EEC44FF8-062F-4A57-9320-3D15804BBFF1}.Release|Any CPU.Build.0 = Release|Any CPU
		{74D1E6F3-4F1D-4A58-A6D4-1D05EE33CEBA}.Debug|Any CPU.ActiveCfg = Debug|Any CPU
		{74D1E6F3-4F1D-4A58-A6D4-1D05EE33CEBA}.Debug|Any CPU.Build.0 = Debug|Any CPU
		{74D1E6F3-4F1D-4A58-A6D4-1D05EE33CEBA}.Release|Any CPU.ActiveCfg = Release|Any CPU
		{74D1E6F3-4F1D-4A58-A6D4-1D05EE33CEBA}.Release|Any CPU.Build.0 = Release|Any CPU
		{62F7658A-B4F8-4205-AE9F-ED5E85782D3A}.Debug|Any CPU.ActiveCfg = Debug|Any CPU
		{62F7658A-B4F8-4205-AE9F-ED5E85782D3A}.Debug|Any CPU.Build.0 = Debug|Any CPU
		{62F7658A-B4F8-4205-AE9F-ED5E85782D3A}.Release|Any CPU.ActiveCfg = Release|Any CPU
		{62F7658A-B4F8-4205-AE9F-ED5E85782D3A}.Release|Any CPU.Build.0 = Release|Any CPU
		{DA56BC7E-7E27-4211-B5C0-63E7205B769D}.Debug|Any CPU.ActiveCfg = Debug|Any CPU
		{DA56BC7E-7E27-4211-B5C0-63E7205B769D}.Debug|Any CPU.Build.0 = Debug|Any CPU
		{DA56BC7E-7E27-4211-B5C0-63E7205B769D}.Release|Any CPU.ActiveCfg = Release|Any CPU
		{DA56BC7E-7E27-4211-B5C0-63E7205B769D}.Release|Any CPU.Build.0 = Release|Any CPU
		{6CB9EAC7-E00A-4DAC-B6A4-D14C4503C6CD}.Debug|Any CPU.ActiveCfg = Debug|Any CPU
		{6CB9EAC7-E00A-4DAC-B6A4-D14C4503C6CD}.Debug|Any CPU.Build.0 = Debug|Any CPU
		{6CB9EAC7-E00A-4DAC-B6A4-D14C4503C6CD}.Release|Any CPU.ActiveCfg = Release|Any CPU
		{6CB9EAC7-E00A-4DAC-B6A4-D14C4503C6CD}.Release|Any CPU.Build.0 = Release|Any CPU
		{8516FA7A-01CB-4E4E-B26B-547D025BB038}.Debug|Any CPU.ActiveCfg = Debug|Any CPU
		{8516FA7A-01CB-4E4E-B26B-547D025BB038}.Debug|Any CPU.Build.0 = Debug|Any CPU
		{8516FA7A-01CB-4E4E-B26B-547D025BB038}.Release|Any CPU.ActiveCfg = Release|Any CPU
		{8516FA7A-01CB-4E4E-B26B-547D025BB038}.Release|Any CPU.Build.0 = Release|Any CPU
		{B2D572A4-86C5-4F16-AB6A-CE87A63E08DD}.Debug|Any CPU.ActiveCfg = Debug|Any CPU
		{B2D572A4-86C5-4F16-AB6A-CE87A63E08DD}.Debug|Any CPU.Build.0 = Debug|Any CPU
		{B2D572A4-86C5-4F16-AB6A-CE87A63E08DD}.Release|Any CPU.ActiveCfg = Release|Any CPU
		{B2D572A4-86C5-4F16-AB6A-CE87A63E08DD}.Release|Any CPU.Build.0 = Release|Any CPU
		{5DB142B7-3152-447E-8816-33A90BA9EF76}.Debug|Any CPU.ActiveCfg = Debug|Any CPU
		{5DB142B7-3152-447E-8816-33A90BA9EF76}.Debug|Any CPU.Build.0 = Debug|Any CPU
		{5DB142B7-3152-447E-8816-33A90BA9EF76}.Release|Any CPU.ActiveCfg = Release|Any CPU
		{5DB142B7-3152-447E-8816-33A90BA9EF76}.Release|Any CPU.Build.0 = Release|Any CPU
		{F11F6CD5-E9FF-4324-9EF9-0ED9CE26C8BE}.Debug|Any CPU.ActiveCfg = Debug|Any CPU
		{F11F6CD5-E9FF-4324-9EF9-0ED9CE26C8BE}.Debug|Any CPU.Build.0 = Debug|Any CPU
		{F11F6CD5-E9FF-4324-9EF9-0ED9CE26C8BE}.Release|Any CPU.ActiveCfg = Release|Any CPU
		{F11F6CD5-E9FF-4324-9EF9-0ED9CE26C8BE}.Release|Any CPU.Build.0 = Release|Any CPU
		{9C64B84A-264B-44BC-8D47-BCC52B88E0AC}.Debug|Any CPU.ActiveCfg = Debug|Any CPU
		{9C64B84A-264B-44BC-8D47-BCC52B88E0AC}.Debug|Any CPU.Build.0 = Debug|Any CPU
		{9C64B84A-264B-44BC-8D47-BCC52B88E0AC}.Release|Any CPU.ActiveCfg = Release|Any CPU
		{9C64B84A-264B-44BC-8D47-BCC52B88E0AC}.Release|Any CPU.Build.0 = Release|Any CPU
		{261BBA3A-829A-41B0-9B70-6A2D22E8C03F}.Debug|Any CPU.ActiveCfg = Debug|Any CPU
		{261BBA3A-829A-41B0-9B70-6A2D22E8C03F}.Debug|Any CPU.Build.0 = Debug|Any CPU
		{261BBA3A-829A-41B0-9B70-6A2D22E8C03F}.Release|Any CPU.ActiveCfg = Release|Any CPU
		{261BBA3A-829A-41B0-9B70-6A2D22E8C03F}.Release|Any CPU.Build.0 = Release|Any CPU
		{1EC1FA9F-E62E-4481-96E5-1A136CE4DFC0}.Debug|Any CPU.ActiveCfg = Debug|Any CPU
		{1EC1FA9F-E62E-4481-96E5-1A136CE4DFC0}.Debug|Any CPU.Build.0 = Debug|Any CPU
		{1EC1FA9F-E62E-4481-96E5-1A136CE4DFC0}.Release|Any CPU.ActiveCfg = Release|Any CPU
		{1EC1FA9F-E62E-4481-96E5-1A136CE4DFC0}.Release|Any CPU.Build.0 = Release|Any CPU
		{0EB8296A-D442-479E-A193-90A7AAED8E75}.Debug|Any CPU.ActiveCfg = Debug|Any CPU
		{0EB8296A-D442-479E-A193-90A7AAED8E75}.Debug|Any CPU.Build.0 = Debug|Any CPU
		{0EB8296A-D442-479E-A193-90A7AAED8E75}.Release|Any CPU.ActiveCfg = Release|Any CPU
		{0EB8296A-D442-479E-A193-90A7AAED8E75}.Release|Any CPU.Build.0 = Release|Any CPU
		{81BCF480-639C-42C6-ADCF-2E5C97DEE750}.Debug|Any CPU.ActiveCfg = Debug|Any CPU
		{81BCF480-639C-42C6-ADCF-2E5C97DEE750}.Debug|Any CPU.Build.0 = Debug|Any CPU
		{81BCF480-639C-42C6-ADCF-2E5C97DEE750}.Release|Any CPU.ActiveCfg = Release|Any CPU
		{81BCF480-639C-42C6-ADCF-2E5C97DEE750}.Release|Any CPU.Build.0 = Release|Any CPU
		{8EF964CC-55F2-40BB-A0CE-F92F23AC8D90}.Debug|Any CPU.ActiveCfg = Debug|Any CPU
		{8EF964CC-55F2-40BB-A0CE-F92F23AC8D90}.Debug|Any CPU.Build.0 = Debug|Any CPU
		{8EF964CC-55F2-40BB-A0CE-F92F23AC8D90}.Release|Any CPU.ActiveCfg = Release|Any CPU
		{8EF964CC-55F2-40BB-A0CE-F92F23AC8D90}.Release|Any CPU.Build.0 = Release|Any CPU
		{A95D4258-5D69-4CF7-BB99-60B84FA1882F}.Debug|Any CPU.ActiveCfg = Debug|Any CPU
		{A95D4258-5D69-4CF7-BB99-60B84FA1882F}.Debug|Any CPU.Build.0 = Debug|Any CPU
		{A95D4258-5D69-4CF7-BB99-60B84FA1882F}.Release|Any CPU.ActiveCfg = Release|Any CPU
		{A95D4258-5D69-4CF7-BB99-60B84FA1882F}.Release|Any CPU.Build.0 = Release|Any CPU
		{D31E1D68-E1BA-496F-9DD8-0771626FBDF2}.Debug|Any CPU.ActiveCfg = Debug|Any CPU
		{D31E1D68-E1BA-496F-9DD8-0771626FBDF2}.Debug|Any CPU.Build.0 = Debug|Any CPU
		{D31E1D68-E1BA-496F-9DD8-0771626FBDF2}.Release|Any CPU.ActiveCfg = Release|Any CPU
		{D31E1D68-E1BA-496F-9DD8-0771626FBDF2}.Release|Any CPU.Build.0 = Release|Any CPU
		{3191D4D8-2814-48F7-A782-70A16FE21CD1}.Debug|Any CPU.ActiveCfg = Debug|Any CPU
		{3191D4D8-2814-48F7-A782-70A16FE21CD1}.Debug|Any CPU.Build.0 = Debug|Any CPU
		{3191D4D8-2814-48F7-A782-70A16FE21CD1}.Release|Any CPU.ActiveCfg = Release|Any CPU
		{3191D4D8-2814-48F7-A782-70A16FE21CD1}.Release|Any CPU.Build.0 = Release|Any CPU
		{23B41C13-2FE3-414C-849A-59D4F7A8015D}.Debug|Any CPU.ActiveCfg = Debug|Any CPU
		{23B41C13-2FE3-414C-849A-59D4F7A8015D}.Debug|Any CPU.Build.0 = Debug|Any CPU
		{23B41C13-2FE3-414C-849A-59D4F7A8015D}.Release|Any CPU.ActiveCfg = Release|Any CPU
		{23B41C13-2FE3-414C-849A-59D4F7A8015D}.Release|Any CPU.Build.0 = Release|Any CPU
		{5BAC578E-3CF0-49E2-89CD-E8A50F810A47}.Debug|Any CPU.ActiveCfg = Debug|Any CPU
		{5BAC578E-3CF0-49E2-89CD-E8A50F810A47}.Debug|Any CPU.Build.0 = Debug|Any CPU
		{5BAC578E-3CF0-49E2-89CD-E8A50F810A47}.Release|Any CPU.ActiveCfg = Release|Any CPU
		{5BAC578E-3CF0-49E2-89CD-E8A50F810A47}.Release|Any CPU.Build.0 = Release|Any CPU
		{B93626ED-9237-4647-AC00-D8F952827040}.Debug|Any CPU.ActiveCfg = Debug|Any CPU
		{B93626ED-9237-4647-AC00-D8F952827040}.Debug|Any CPU.Build.0 = Debug|Any CPU
		{B93626ED-9237-4647-AC00-D8F952827040}.Release|Any CPU.ActiveCfg = Release|Any CPU
		{B93626ED-9237-4647-AC00-D8F952827040}.Release|Any CPU.Build.0 = Release|Any CPU
		{41B7FE7D-EBFB-4E28-938A-98032BC53723}.Debug|Any CPU.ActiveCfg = Debug|Any CPU
		{41B7FE7D-EBFB-4E28-938A-98032BC53723}.Debug|Any CPU.Build.0 = Debug|Any CPU
		{41B7FE7D-EBFB-4E28-938A-98032BC53723}.Release|Any CPU.ActiveCfg = Release|Any CPU
		{41B7FE7D-EBFB-4E28-938A-98032BC53723}.Release|Any CPU.Build.0 = Release|Any CPU
		{0A7ECB89-B0BB-458C-8244-08B59850668E}.Debug|Any CPU.ActiveCfg = Debug|Any CPU
		{0A7ECB89-B0BB-458C-8244-08B59850668E}.Debug|Any CPU.Build.0 = Debug|Any CPU
		{0A7ECB89-B0BB-458C-8244-08B59850668E}.Release|Any CPU.ActiveCfg = Release|Any CPU
		{0A7ECB89-B0BB-458C-8244-08B59850668E}.Release|Any CPU.Build.0 = Release|Any CPU
	EndGlobalSection
	GlobalSection(SolutionProperties) = preSolution
		HideSolutionNode = FALSE
	EndGlobalSection
	GlobalSection(NestedProjects) = preSolution
		{FA1F4272-E9E3-4B73-B7DB-1048C5CA917D} = {707B8A39-8E28-4ECD-8CC3-BA34225675C8}
		{78C0F6D6-F9EC-41F0-8F06-877DE5CE3C7E} = {707B8A39-8E28-4ECD-8CC3-BA34225675C8}
	EndGlobalSection
	GlobalSection(ExtensibilityGlobals) = postSolution
		EnterpriseLibraryConfigurationToolBinariesPathV6 = packages\EnterpriseLibrary.TransientFaultHandling.6.0.1304.0\lib\portable-net45+win+wp8;packages\EnterpriseLibrary.TransientFaultHandling.Data.6.0.1304.1\lib\NET45;packages\EnterpriseLibrary.TransientFaultHandling.WindowsAzure.Storage.6.0.1304.1\lib\NET45
	EndGlobalSection
EndGlobal
